
Microsoft Visual Studio Solution File, Format Version 12.00
# Visual Studio Version 16
VisualStudioVersion = 16.0.31321.278
MinimumVisualStudioVersion = 10.0.40219.1
Project("{FAE04EC0-301F-11D3-BF4B-00C04F79EFBC}") = "ECOM_SHUR", "ECOM_SHUR\ECOM_SHUR.csproj", "{0B66DA1D-BEC3-4333-8B39-EB7BF35DC5D7}"
EndProject
Global
	GlobalSection(SolutionConfigurationPlatforms) = preSolution
		Debug|Any CPU = Debug|Any CPU
		Release|Any CPU = Release|Any CPU
	EndGlobalSection
	GlobalSection(ProjectConfigurationPlatforms) = postSolution
		{0B66DA1D-BEC3-4333-8B39-EB7BF35DC5D7}.Debug|Any CPU.ActiveCfg = Debug|Any CPU
		{0B66DA1D-BEC3-4333-8B39-EB7BF35DC5D7}.Debug|Any CPU.Build.0 = Debug|Any CPU
		{0B66DA1D-BEC3-4333-8B39-EB7BF35DC5D7}.Release|Any CPU.ActiveCfg = Release|Any CPU
		{0B66DA1D-BEC3-4333-8B39-EB7BF35DC5D7}.Release|Any CPU.Build.0 = Release|Any CPU
	EndGlobalSection
	GlobalSection(SolutionProperties) = preSolution
		HideSolutionNode = FALSE
	EndGlobalSection
	GlobalSection(ExtensibilityGlobals) = postSolution
		SolutionGuid = {3852992A-E5E9-4C60-9D96-7291F0417A2D}
	EndGlobalSection
EndGlobal
